
Microsoft Visual Studio Solution File, Format Version 12.00
# Visual Studio Version 17
VisualStudioVersion = 17.13.35919.96 d17.13
MinimumVisualStudioVersion = 10.0.40219.1
Project("{FAE04EC0-301F-11D3-BF4B-00C04F79EFBC}") = "9prac", "9prac\9prac.csproj", "{14F26CEB-05DB-4E49-BE2E-BE4E56617DCE}"
EndProject
Global
	GlobalSection(SolutionConfigurationPlatforms) = preSolution
		Debug|Any CPU = Debug|Any CPU
		Release|Any CPU = Release|Any CPU
	EndGlobalSection
	GlobalSection(ProjectConfigurationPlatforms) = postSolution
		{14F26CEB-05DB-4E49-BE2E-BE4E56617DCE}.Debug|Any CPU.ActiveCfg = Debug|Any CPU
		{14F26CEB-05DB-4E49-BE2E-BE4E56617DCE}.Debug|Any CPU.Build.0 = Debug|Any CPU
		{14F26CEB-05DB-4E49-BE2E-BE4E56617DCE}.Release|Any CPU.ActiveCfg = Release|Any CPU
		{14F26CEB-05DB-4E49-BE2E-BE4E56617DCE}.Release|Any CPU.Build.0 = Release|Any CPU
	EndGlobalSection
	GlobalSection(SolutionProperties) = preSolution
		HideSolutionNode = FALSE
	EndGlobalSection
	GlobalSection(ExtensibilityGlobals) = postSolution
		SolutionGuid = {3233418F-7A8B-40A5-9E86-3E34983BE08C}
	EndGlobalSection
EndGlobal
